// !$*UTF8*$!
{
	archiveVersion = 1;
	classes = {
	};
	objectVersion = 50;
	objects = {

/* Begin PBXBuildFile section */
		3B0A5CE4212D930700B834A3 /* AppDelegate.swift in Sources */ = {isa = PBXBuildFile; fileRef = 3B0A5CE3212D930700B834A3 /* AppDelegate.swift */; };
		3B0A5CE6212D930700B834A3 /* GoalsVC.swift in Sources */ = {isa = PBXBuildFile; fileRef = 3B0A5CE5212D930700B834A3 /* GoalsVC.swift */; };
		3B0A5CE9212D930700B834A3 /* Main.storyboard in Resources */ = {isa = PBXBuildFile; fileRef = 3B0A5CE7212D930700B834A3 /* Main.storyboard */; };
		3B0A5CEC212D930700B834A3 /* GoalPostApp.xcdatamodeld in Sources */ = {isa = PBXBuildFile; fileRef = 3B0A5CEA212D930700B834A3 /* GoalPostApp.xcdatamodeld */; };
		3B0A5CEE212D930700B834A3 /* Assets.xcassets in Resources */ = {isa = PBXBuildFile; fileRef = 3B0A5CED212D930700B834A3 /* Assets.xcassets */; };
		3B0A5CF1212D930800B834A3 /* LaunchScreen.storyboard in Resources */ = {isa = PBXBuildFile; fileRef = 3B0A5CEF212D930800B834A3 /* LaunchScreen.storyboard */; };
		3B0A5CFD212DC5A200B834A3 /* TableGoalCell.swift in Sources */ = {isa = PBXBuildFile; fileRef = 3B0A5CFC212DC5A200B834A3 /* TableGoalCell.swift */; };
		3B2776AE212DFB230072F0E7 /* GoalType.swift in Sources */ = {isa = PBXBuildFile; fileRef = 3B2776AD212DFB230072F0E7 /* GoalType.swift */; };
/* End PBXBuildFile section */

/* Begin PBXFileReference section */
		3B0A5CE0212D930700B834A3 /* GoalPostApp.app */ = {isa = PBXFileReference; explicitFileType = wrapper.application; includeInIndex = 0; path = GoalPostApp.app; sourceTree = BUILT_PRODUCTS_DIR; };
		3B0A5CE3212D930700B834A3 /* AppDelegate.swift */ = {isa = PBXFileReference; lastKnownFileType = sourcecode.swift; path = AppDelegate.swift; sourceTree = "<group>"; };
		3B0A5CE5212D930700B834A3 /* GoalsVC.swift */ = {isa = PBXFileReference; lastKnownFileType = sourcecode.swift; path = GoalsVC.swift; sourceTree = "<group>"; };
		3B0A5CE8212D930700B834A3 /* Base */ = {isa = PBXFileReference; lastKnownFileType = file.storyboard; name = Base; path = Base.lproj/Main.storyboard; sourceTree = "<group>"; };
		3B0A5CEB212D930700B834A3 /* GoalPostApp.xcdatamodel */ = {isa = PBXFileReference; lastKnownFileType = wrapper.xcdatamodel; path = GoalPostApp.xcdatamodel; sourceTree = "<group>"; };
		3B0A5CED212D930700B834A3 /* Assets.xcassets */ = {isa = PBXFileReference; lastKnownFileType = folder.assetcatalog; path = Assets.xcassets; sourceTree = "<group>"; };
		3B0A5CF0212D930800B834A3 /* Base */ = {isa = PBXFileReference; lastKnownFileType = file.storyboard; name = Base; path = Base.lproj/LaunchScreen.storyboard; sourceTree = "<group>"; };
		3B0A5CF2212D930800B834A3 /* Info.plist */ = {isa = PBXFileReference; lastKnownFileType = text.plist.xml; path = Info.plist; sourceTree = "<group>"; };
		3B0A5CFC212DC5A200B834A3 /* TableGoalCell.swift */ = {isa = PBXFileReference; lastKnownFileType = sourcecode.swift; path = TableGoalCell.swift; sourceTree = "<group>"; };
		3B2776AD212DFB230072F0E7 /* GoalType.swift */ = {isa = PBXFileReference; lastKnownFileType = sourcecode.swift; path = GoalType.swift; sourceTree = "<group>"; };
/* End PBXFileReference section */

/* Begin PBXFrameworksBuildPhase section */
		3B0A5CDD212D930700B834A3 /* Frameworks */ = {
			isa = PBXFrameworksBuildPhase;
			buildActionMask = 2147483647;
			files = (
			);
			runOnlyForDeploymentPostprocessing = 0;
		};
/* End PBXFrameworksBuildPhase section */

/* Begin PBXGroup section */
		3B0A5CD7212D930700B834A3 = {
			isa = PBXGroup;
			children = (
				3B0A5CE2212D930700B834A3 /* GoalPostApp */,
				3B0A5CE1212D930700B834A3 /* Products */,
			);
			sourceTree = "<group>";
		};
		3B0A5CE1212D930700B834A3 /* Products */ = {
			isa = PBXGroup;
			children = (
				3B0A5CE0212D930700B834A3 /* GoalPostApp.app */,
			);
			name = Products;
			sourceTree = "<group>";
		};
		3B0A5CE2212D930700B834A3 /* GoalPostApp */ = {
			isa = PBXGroup;
			children = (
				3B0A5CFB212D950100B834A3 /* Extension */,
				3B0A5CFA212D94F300B834A3 /* Enums */,
				3B0A5CF9212D94ED00B834A3 /* View */,
				3B0A5CF8212D94B900B834A3 /* Controller */,
				3B0A5CE3212D930700B834A3 /* AppDelegate.swift */,
				3B0A5CE7212D930700B834A3 /* Main.storyboard */,
				3B0A5CED212D930700B834A3 /* Assets.xcassets */,
				3B0A5CEF212D930800B834A3 /* LaunchScreen.storyboard */,
				3B0A5CF2212D930800B834A3 /* Info.plist */,
				3B0A5CEA212D930700B834A3 /* GoalPostApp.xcdatamodeld */,
			);
			path = GoalPostApp;
			sourceTree = "<group>";
		};
		3B0A5CF8212D94B900B834A3 /* Controller */ = {
			isa = PBXGroup;
			children = (
				3B0A5CE5212D930700B834A3 /* GoalsVC.swift */,
			);
			path = Controller;
			sourceTree = "<group>";
		};
		3B0A5CF9212D94ED00B834A3 /* View */ = {
			isa = PBXGroup;
			children = (
				3B0A5CFC212DC5A200B834A3 /* TableGoalCell.swift */,
			);
			path = View;
			sourceTree = "<group>";
		};
		3B0A5CFA212D94F300B834A3 /* Enums */ = {
			isa = PBXGroup;
			children = (
				3B2776AD212DFB230072F0E7 /* GoalType.swift */,
			);
			path = Enums;
			sourceTree = "<group>";
		};
		3B0A5CFB212D950100B834A3 /* Extension */ = {
			isa = PBXGroup;
			children = (
			);
			path = Extension;
			sourceTree = "<group>";
		};
/* End PBXGroup section */

/* Begin PBXNativeTarget section */
		3B0A5CDF212D930700B834A3 /* GoalPostApp */ = {
			isa = PBXNativeTarget;
			buildConfigurationList = 3B0A5CF5212D930800B834A3 /* Build configuration list for PBXNativeTarget "GoalPostApp" */;
			buildPhases = (
				3B0A5CDC212D930700B834A3 /* Sources */,
				3B0A5CDD212D930700B834A3 /* Frameworks */,
				3B0A5CDE212D930700B834A3 /* Resources */,
			);
			buildRules = (
			);
			dependencies = (
			);
			name = GoalPostApp;
			productName = GoalPostApp;
			productReference = 3B0A5CE0212D930700B834A3 /* GoalPostApp.app */;
			productType = "com.apple.product-type.application";
		};
/* End PBXNativeTarget section */

/* Begin PBXProject section */
		3B0A5CD8212D930700B834A3 /* Project object */ = {
			isa = PBXProject;
			attributes = {
				LastSwiftUpdateCheck = 0940;
				LastUpgradeCheck = 0940;
				ORGANIZATIONNAME = "Massimiliano Abeli";
				TargetAttributes = {
					3B0A5CDF212D930700B834A3 = {
						CreatedOnToolsVersion = 9.4.1;
					};
				};
			};
			buildConfigurationList = 3B0A5CDB212D930700B834A3 /* Build configuration list for PBXProject "GoalPostApp" */;
			compatibilityVersion = "Xcode 9.3";
			developmentRegion = en;
			hasScannedForEncodings = 0;
			knownRegions = (
				en,
				Base,
			);
			mainGroup = 3B0A5CD7212D930700B834A3;
			productRefGroup = 3B0A5CE1212D930700B834A3 /* Products */;
			projectDirPath = "";
			projectRoot = "";
			targets = (
				3B0A5CDF212D930700B834A3 /* GoalPostApp */,
			);
		};
/* End PBXProject section */

/* Begin PBXResourcesBuildPhase section */
		3B0A5CDE212D930700B834A3 /* Resources */ = {
			isa = PBXResourcesBuildPhase;
			buildActionMask = 2147483647;
			files = (
				3B0A5CF1212D930800B834A3 /* LaunchScreen.storyboard in Resources */,
				3B0A5CEE212D930700B834A3 /* Assets.xcassets in Resources */,
				3B0A5CE9212D930700B834A3 /* Main.storyboard in Resources */,
			);
			runOnlyForDeploymentPostprocessing = 0;
		};
/* End PBXResourcesBuildPhase section */

/* Begin PBXSourcesBuildPhase section */
		3B0A5CDC212D930700B834A3 /* Sources */ = {
			isa = PBXSourcesBuildPhase;
			buildActionMask = 2147483647;
			files = (
				3B0A5CEC212D930700B834A3 /* GoalPostApp.xcdatamodeld in Sources */,
				3B2776AE212DFB230072F0E7 /* GoalType.swift in Sources */,
				3B0A5CFD212DC5A200B834A3 /* TableGoalCell.swift in Sources */,
				3B0A5CE6212D930700B834A3 /* GoalsVC.swift in Sources */,
				3B0A5CE4212D930700B834A3 /* AppDelegate.swift in Sources */,
			);
			runOnlyForDeploymentPostprocessing = 0;
		};
/* End PBXSourcesBuildPhase section */

/* Begin PBXVariantGroup section */
		3B0A5CE7212D930700B834A3 /* Main.storyboard */ = {
			isa = PBXVariantGroup;
			children = (
				3B0A5CE8212D930700B834A3 /* Base */,
			);
			name = Main.storyboard;
			sourceTree = "<group>";
		};
		3B0A5CEF212D930800B834A3 /* LaunchScreen.storyboard */ = {
			isa = PBXVariantGroup;
			children = (
				3B0A5CF0212D930800B834A3 /* Base */,
			);
			name = LaunchScreen.storyboard;
			sourceTree = "<group>";
		};
/* End PBXVariantGroup section */

/* Begin XCBuildConfiguration section */
		3B0A5CF3212D930800B834A3 /* Debug */ = {
			isa = XCBuildConfiguration;
			buildSettings = {
				ALWAYS_SEARCH_USER_PATHS = NO;
				CLANG_ANALYZER_NONNULL = YES;
				CLANG_ANALYZER_NUMBER_OBJECT_CONVERSION = YES_AGGRESSIVE;
				CLANG_CXX_LANGUAGE_STANDARD = "gnu++14";
				CLANG_CXX_LIBRARY = "libc++";
				CLANG_ENABLE_MODULES = YES;
				CLANG_ENABLE_OBJC_ARC = YES;
				CLANG_ENABLE_OBJC_WEAK = YES;
				CLANG_WARN_BLOCK_CAPTURE_AUTORELEASING = YES;
				CLANG_WARN_BOOL_CONVERSION = YES;
				CLANG_WARN_COMMA = YES;
				CLANG_WARN_CONSTANT_CONVERSION = YES;
				CLANG_WARN_DEPRECATED_OBJC_IMPLEMENTATIONS = YES;
				CLANG_WARN_DIRECT_OBJC_ISA_USAGE = YES_ERROR;
				CLANG_WARN_DOCUMENTATION_COMMENTS = YES;
				CLANG_WARN_EMPTY_BODY = YES;
				CLANG_WARN_ENUM_CONVERSION = YES;
				CLANG_WARN_INFINITE_RECURSION = YES;
				CLANG_WARN_INT_CONVERSION = YES;
				CLANG_WARN_NON_LITERAL_NULL_CONVERSION = YES;
				CLANG_WARN_OBJC_IMPLICIT_RETAIN_SELF = YES;
				CLANG_WARN_OBJC_LITERAL_CONVERSION = YES;
				CLANG_WARN_OBJC_ROOT_CLASS = YES_ERROR;
				CLANG_WARN_RANGE_LOOP_ANALYSIS = YES;
				CLANG_WARN_STRICT_PROTOTYPES = YES;
				CLANG_WARN_SUSPICIOUS_MOVE = YES;
				CLANG_WARN_UNGUARDED_AVAILABILITY = YES_AGGRESSIVE;
				CLANG_WARN_UNREACHABLE_CODE = YES;
				CLANG_WARN__DUPLICATE_METHOD_MATCH = YES;
				CODE_SIGN_IDENTITY = "iPhone Developer";
				COPY_PHASE_STRIP = NO;
				DEBUG_INFORMATION_FORMAT = dwarf;
				ENABLE_STRICT_OBJC_MSGSEND = YES;
				ENABLE_TESTABILITY = YES;
				GCC_C_LANGUAGE_STANDARD = gnu11;
				GCC_DYNAMIC_NO_PIC = NO;
				GCC_NO_COMMON_BLOCKS = YES;
				GCC_OPTIMIZATION_LEVEL = 0;
				GCC_PREPROCESSOR_DEFINITIONS = (
					"DEBUG=1",
					"$(inherited)",
				);
				GCC_WARN_64_TO_32_BIT_CONVERSION = YES;
				GCC_WARN_ABOUT_RETURN_TYPE = YES_ERROR;
				GCC_WARN_UNDECLARED_SELECTOR = YES;
				GCC_WARN_UNINITIALIZED_AUTOS = YES_AGGRESSIVE;
				GCC_WARN_UNUSED_FUNCTION = YES;
				GCC_WARN_UNUSED_VARIABLE = YES;
				IPHONEOS_DEPLOYMENT_TARGET = 11.4;
				MTL_ENABLE_DEBUG_INFO = YES;
				ONLY_ACTIVE_ARCH = YES;
				SDKROOT = iphoneos;
				SWIFT_ACTIVE_COMPILATION_CONDITIONS = DEBUG;
				SWIFT_OPTIMIZATION_LEVEL = "-Onone";
			};
			name = Debug;
		};
		3B0A5CF4212D930800B834A3 /* Release */ = {
			isa = XCBuildConfiguration;
			buildSettings = {
				ALWAYS_SEARCH_USER_PATHS = NO;
				CLANG_ANALYZER_NONNULL = YES;
				CLANG_ANALYZER_NUMBER_OBJECT_CONVERSION = YES_AGGRESSIVE;
				CLANG_CXX_LANGUAGE_STANDARD = "gnu++14";
				CLANG_CXX_LIBRARY = "libc++";
				CLANG_ENABLE_MODULES = YES;
				CLANG_ENABLE_OBJC_ARC = YES;
				CLANG_ENABLE_OBJC_WEAK = YES;
				CLANG_WARN_BLOCK_CAPTURE_AUTORELEASING = YES;
				CLANG_WARN_BOOL_CONVERSION = YES;
				CLANG_WARN_COMMA = YES;
				CLANG_WARN_CONSTANT_CONVERSION = YES;
				CLANG_WARN_DEPRECATED_OBJC_IMPLEMENTATIONS = YES;
				CLANG_WARN_DIRECT_OBJC_ISA_USAGE = YES_ERROR;
				CLANG_WARN_DOCUMENTATION_COMMENTS = YES;
				CLANG_WARN_EMPTY_BODY = YES;
				CLANG_WARN_ENUM_CONVERSION = YES;
				CLANG_WARN_INFINITE_RECURSION = YES;
				CLANG_WARN_INT_CONVERSION = YES;
				CLANG_WARN_NON_LITERAL_NULL_CONVERSION = YES;
				CLANG_WARN_OBJC_IMPLICIT_RETAIN_SELF = YES;
				CLANG_WARN_OBJC_LITERAL_CONVERSION = YES;
				CLANG_WARN_OBJC_ROOT_CLASS = YES_ERROR;
				CLANG_WARN_RANGE_LOOP_ANALYSIS = YES;
				CLANG_WARN_STRICT_PROTOTYPES = YES;
				CLANG_WARN_SUSPICIOUS_MOVE = YES;
				CLANG_WARN_UNGUARDED_AVAILABILITY = YES_AGGRESSIVE;
				CLANG_WARN_UNREACHABLE_CODE = YES;
				CLANG_WARN__DUPLICATE_METHOD_MATCH = YES;
				CODE_SIGN_IDENTITY = "iPhone Developer";
				COPY_PHASE_STRIP = NO;
				DEBUG_INFORMATION_FORMAT = "dwarf-with-dsym";
				ENABLE_NS_ASSERTIONS = NO;
				ENABLE_STRICT_OBJC_MSGSEND = YES;
				GCC_C_LANGUAGE_STANDARD = gnu11;
				GCC_NO_COMMON_BLOCKS = YES;
				GCC_WARN_64_TO_32_BIT_CONVERSION = YES;
				GCC_WARN_ABOUT_RETURN_TYPE = YES_ERROR;
				GCC_WARN_UNDECLARED_SELECTOR = YES;
				GCC_WARN_UNINITIALIZED_AUTOS = YES_AGGRESSIVE;
				GCC_WARN_UNUSED_FUNCTION = YES;
				GCC_WARN_UNUSED_VARIABLE = YES;
				IPHONEOS_DEPLOYMENT_TARGET = 11.4;
				MTL_ENABLE_DEBUG_INFO = NO;
				SDKROOT = iphoneos;
				SWIFT_COMPILATION_MODE = wholemodule;
				SWIFT_OPTIMIZATION_LEVEL = "-O";
				VALIDATE_PRODUCT = YES;
			};
			name = Release;
		};
		3B0A5CF6212D930800B834A3 /* Debug */ = {
			isa = XCBuildConfiguration;
			buildSettings = {
				ASSETCATALOG_COMPILER_APPICON_NAME = AppIcon;
				CODE_SIGN_STYLE = Automatic;
				DEVELOPMENT_TEAM = 9C5S623YC7;
				INFOPLIST_FILE = GoalPostApp/Info.plist;
				LD_RUNPATH_SEARCH_PATHS = (
					"$(inherited)",
					"@executable_path/Frameworks",
				);
				PRODUCT_BUNDLE_IDENTIFIER = massimilianoabeli.it.GoalPostApp;
				PRODUCT_NAME = "$(TARGET_NAME)";
				SWIFT_VERSION = 4.0;
				TARGETED_DEVICE_FAMILY = "1,2";
			};
			name = Debug;
		};
		3B0A5CF7212D930800B834A3 /* Release */ = {
			isa = XCBuildConfiguration;
			buildSettings = {
				ASSETCATALOG_COMPILER_APPICON_NAME = AppIcon;
				CODE_SIGN_STYLE = Automatic;
				DEVELOPMENT_TEAM = 9C5S623YC7;
				INFOPLIST_FILE = GoalPostApp/Info.plist;
				LD_RUNPATH_SEARCH_PATHS = (
					"$(inherited)",
					"@executable_path/Frameworks",
				);
				PRODUCT_BUNDLE_IDENTIFIER = massimilianoabeli.it.GoalPostApp;
				PRODUCT_NAME = "$(TARGET_NAME)";
				SWIFT_VERSION = 4.0;
				TARGETED_DEVICE_FAMILY = "1,2";
			};
			name = Release;
		};
/* End XCBuildConfiguration section */

/* Begin XCConfigurationList section */
		3B0A5CDB212D930700B834A3 /* Build configuration list for PBXProject "GoalPostApp" */ = {
			isa = XCConfigurationList;
			buildConfigurations = (
				3B0A5CF3212D930800B834A3 /* Debug */,
				3B0A5CF4212D930800B834A3 /* Release */,
			);
			defaultConfigurationIsVisible = 0;
			defaultConfigurationName = Release;
		};
		3B0A5CF5212D930800B834A3 /* Build configuration list for PBXNativeTarget "GoalPostApp" */ = {
			isa = XCConfigurationList;
			buildConfigurations = (
				3B0A5CF6212D930800B834A3 /* Debug */,
				3B0A5CF7212D930800B834A3 /* Release */,
			);
			defaultConfigurationIsVisible = 0;
			defaultConfigurationName = Release;
		};
/* End XCConfigurationList section */

/* Begin XCVersionGroup section */
		3B0A5CEA212D930700B834A3 /* GoalPostApp.xcdatamodeld */ = {
			isa = XCVersionGroup;
			children = (
				3B0A5CEB212D930700B834A3 /* GoalPostApp.xcdatamodel */,
			);
			currentVersion = 3B0A5CEB212D930700B834A3 /* GoalPostApp.xcdatamodel */;
			path = GoalPostApp.xcdatamodeld;
			sourceTree = "<group>";
			versionGroupType = wrapper.xcdatamodel;
		};
/* End XCVersionGroup section */
	};
	rootObject = 3B0A5CD8212D930700B834A3 /* Project object */;
}
